{
    "_meta": {
        "hash": {
            "sha256": "271add67faacb2949ae8daabbeef72332a3aba9b278f78385000f314c5c08552"
        },
        "pipfile-spec": 6,
        "requires": {
            "python_version": "3.4"
        },
        "sources": [
            {
                "name": "pypi",
                "url": "https://pypi.org/simple",
                "verify_ssl": true
            }
        ]
    },
    "default": {
        "django": {
            "hashes": [
                "sha256:25df265e1fdb74f7e7305a1de620a84681bcc9c05e84a3ed97e4a1a63024f18d",
                "sha256:d6d94554abc82ca37e447c3d28958f5ac39bd7d4adaa285543ae97fb1129fd69"
            ],
            "index": "pypi",
            "version": "==2.0.9"
        },
        "django-ckeditor": {
            "hashes": [
                "sha256:266353b93991babb399a62a25bc0cbb945f95901693a4f07c9506edabd6a0cd0"
            ],
            "index": "pypi",
            "version": "==5.6.1"
        },
        "django-js-asset": {
            "hashes": [
                "sha256:30149158206f693a5d027fe590096fc84495486bd11cd77d395b4f2ec27fc1d0",
                "sha256:a395d8d19eb201ea8d2bd4f145b38f1717cd74c0f609f040141d8724c5a27f36"
            ],
            "version": "==1.1.0"
        },
        "pytz": {
            "hashes": [
                "sha256:31cb35c89bd7d333cd32c5f278fca91b523b0834369e757f4c5641ea252236ca",
                "sha256:8e0f8568c118d3077b46be7d654cc8167fa916092e28320cde048e54bfc9f1e6"
            ],
            "version": "==2018.7"
        }
    },
    "develop": {}
}
